// !$*UTF8*$!
{
	archiveVersion = 1;
	classes = {
	};
	objectVersion = 77;
	objects = {

/* Begin PBXBuildFile section */
		9E18B6E92DE85E9E0068F5C0 /* Collections in Frameworks */ = {isa = PBXBuildFile; productRef = 9E18B6E82DE85E9E0068F5C0 /* Collections */; };
		9E18B6EB2DE85E9E0068F5C0 /* OrderedCollections in Frameworks */ = {isa = PBXBuildFile; productRef = 9E18B6EA2DE85E9E0068F5C0 /* OrderedCollections */; };
		9EC2CD572DB645BE00A2DD9A /* FVendors in Frameworks */ = {isa = PBXBuildFile; productRef = 9EC2CD562DB645BE00A2DD9A /* FVendors */; };
		9EC2CD742DB6617E00A2DD9A /* ColorfulX in Frameworks */ = {isa = PBXBuildFile; productRef = 9EC2CD732DB6617E00A2DD9A /* ColorfulX */; };
/* End PBXBuildFile section */

/* Begin PBXContainerItemProxy section */
		9E5B80D52DB259A200497AF2 /* PBXContainerItemProxy */ = {
			isa = PBXContainerItemProxy;
			containerPortal = 9E5B80BB2DB259A100497AF2 /* Project object */;
			proxyType = 1;
			remoteGlobalIDString = 9E5B80C22DB259A100497AF2;
			remoteInfo = ChineseColorsApp;
		};
		9E5B80DF2DB259A200497AF2 /* PBXContainerItemProxy */ = {
			isa = PBXContainerItemProxy;
			containerPortal = 9E5B80BB2DB259A100497AF2 /* Project object */;
			proxyType = 1;
			remoteGlobalIDString = 9E5B80C22DB259A100497AF2;
			remoteInfo = ChineseColorsApp;
		};
/* End PBXContainerItemProxy section */

/* Begin PBXFileReference section */
		9E5B80C32DB259A100497AF2 /* ChineseColorsApp.app */ = {isa = PBXFileReference; explicitFileType = wrapper.application; includeInIndex = 0; path = ChineseColorsApp.app; sourceTree = BUILT_PRODUCTS_DIR; };
		9E5B80D42DB259A200497AF2 /* ChineseColorsAppTests.xctest */ = {isa = PBXFileReference; explicitFileType = wrapper.cfbundle; includeInIndex = 0; path = ChineseColorsAppTests.xctest; sourceTree = BUILT_PRODUCTS_DIR; };
		9E5B80DE2DB259A200497AF2 /* ChineseColorsAppUITests.xctest */ = {isa = PBXFileReference; explicitFileType = wrapper.cfbundle; includeInIndex = 0; path = ChineseColorsAppUITests.xctest; sourceTree = BUILT_PRODUCTS_DIR; };
/* End PBXFileReference section */

/* Begin PBXFileSystemSynchronizedRootGroup section */
		9E5B80C52DB259A100497AF2 /* ChineseColorsApp */ = {
			isa = PBXFileSystemSynchronizedRootGroup;
			path = ChineseColorsApp;
			sourceTree = "<group>";
		};
		9E5B80D72DB259A200497AF2 /* ChineseColorsAppTests */ = {
			isa = PBXFileSystemSynchronizedRootGroup;
			path = ChineseColorsAppTests;
			sourceTree = "<group>";
		};
		9E5B80E12DB259A200497AF2 /* ChineseColorsAppUITests */ = {
			isa = PBXFileSystemSynchronizedRootGroup;
			path = ChineseColorsAppUITests;
			sourceTree = "<group>";
		};
/* End PBXFileSystemSynchronizedRootGroup section */

/* Begin PBXFrameworksBuildPhase section */
		9E5B80C02DB259A100497AF2 /* Frameworks */ = {
			isa = PBXFrameworksBuildPhase;
			buildActionMask = 2147483647;
			files = (
				9E18B6E92DE85E9E0068F5C0 /* Collections in Frameworks */,
				9EC2CD572DB645BE00A2DD9A /* FVendors in Frameworks */,
				9E18B6EB2DE85E9E0068F5C0 /* OrderedCollections in Frameworks */,
				9EC2CD742DB6617E00A2DD9A /* ColorfulX in Frameworks */,
			);
			runOnlyForDeploymentPostprocessing = 0;
		};
		9E5B80D12DB259A200497AF2 /* Frameworks */ = {
			isa = PBXFrameworksBuildPhase;
			buildActionMask = 2147483647;
			files = (
			);
			runOnlyForDeploymentPostprocessing = 0;
		};
		9E5B80DB2DB259A200497AF2 /* Frameworks */ = {
			isa = PBXFrameworksBuildPhase;
			buildActionMask = 2147483647;
			files = (
			);
			runOnlyForDeploymentPostprocessing = 0;
		};
/* End PBXFrameworksBuildPhase section */

/* Begin PBXGroup section */
		9E5B80BA2DB259A100497AF2 = {
			isa = PBXGroup;
			children = (
				9E5B80C52DB259A100497AF2 /* ChineseColorsApp */,
				9E5B80D72DB259A200497AF2 /* ChineseColorsAppTests */,
				9E5B80E12DB259A200497AF2 /* ChineseColorsAppUITests */,
				9E5B80C42DB259A100497AF2 /* Products */,
			);
			sourceTree = "<group>";
		};
		9E5B80C42DB259A100497AF2 /* Products */ = {
			isa = PBXGroup;
			children = (
				9E5B80C32DB259A100497AF2 /* ChineseColorsApp.app */,
				9E5B80D42DB259A200497AF2 /* ChineseColorsAppTests.xctest */,
				9E5B80DE2DB259A200497AF2 /* ChineseColorsAppUITests.xctest */,
			);
			name = Products;
			sourceTree = "<group>";
		};
/* End PBXGroup section */

/* Begin PBXNativeTarget section */
		9E5B80C22DB259A100497AF2 /* ChineseColorsApp */ = {
			isa = PBXNativeTarget;
			buildConfigurationList = 9E5B80E82DB259A200497AF2 /* Build configuration list for PBXNativeTarget "ChineseColorsApp" */;
			buildPhases = (
				9E5B80BF2DB259A100497AF2 /* Sources */,
				9E5B80C02DB259A100497AF2 /* Frameworks */,
				9E5B80C12DB259A100497AF2 /* Resources */,
			);
			buildRules = (
			);
			dependencies = (
			);
			fileSystemSynchronizedGroups = (
				9E5B80C52DB259A100497AF2 /* ChineseColorsApp */,
			);
			name = ChineseColorsApp;
			packageProductDependencies = (
				9EC2CD562DB645BE00A2DD9A /* FVendors */,
				9EC2CD732DB6617E00A2DD9A /* ColorfulX */,
				9E18B6E82DE85E9E0068F5C0 /* Collections */,
				9E18B6EA2DE85E9E0068F5C0 /* OrderedCollections */,
			);
			productName = ChineseColorsApp;
			productReference = 9E5B80C32DB259A100497AF2 /* ChineseColorsApp.app */;
			productType = "com.apple.product-type.application";
		};
		9E5B80D32DB259A200497AF2 /* ChineseColorsAppTests */ = {
			isa = PBXNativeTarget;
			buildConfigurationList = 9E5B80EB2DB259A200497AF2 /* Build configuration list for PBXNativeTarget "ChineseColorsAppTests" */;
			buildPhases = (
				9E5B80D02DB259A200497AF2 /* Sources */,
				9E5B80D12DB259A200497AF2 /* Frameworks */,
				9E5B80D22DB259A200497AF2 /* Resources */,
			);
			buildRules = (
			);
			dependencies = (
				9E5B80D62DB259A200497AF2 /* PBXTargetDependency */,
			);
			fileSystemSynchronizedGroups = (
				9E5B80D72DB259A200497AF2 /* ChineseColorsAppTests */,
			);
			name = ChineseColorsAppTests;
			packageProductDependencies = (
			);
			productName = ChineseColorsAppTests;
			productReference = 9E5B80D42DB259A200497AF2 /* ChineseColorsAppTests.xctest */;
			productType = "com.apple.product-type.bundle.unit-test";
		};
		9E5B80DD2DB259A200497AF2 /* ChineseColorsAppUITests */ = {
			isa = PBXNativeTarget;
			buildConfigurationList = 9E5B80EE2DB259A200497AF2 /* Build configuration list for PBXNativeTarget "ChineseColorsAppUITests" */;
			buildPhases = (
				9E5B80DA2DB259A200497AF2 /* Sources */,
				9E5B80DB2DB259A200497AF2 /* Frameworks */,
				9E5B80DC2DB259A200497AF2 /* Resources */,
			);
			buildRules = (
			);
			dependencies = (
				9E5B80E02DB259A200497AF2 /* PBXTargetDependency */,
			);
			fileSystemSynchronizedGroups = (
				9E5B80E12DB259A200497AF2 /* ChineseColorsAppUITests */,
			);
			name = ChineseColorsAppUITests;
			packageProductDependencies = (
			);
			productName = ChineseColorsAppUITests;
			productReference = 9E5B80DE2DB259A200497AF2 /* ChineseColorsAppUITests.xctest */;
			productType = "com.apple.product-type.bundle.ui-testing";
		};
/* End PBXNativeTarget section */

/* Begin PBXProject section */
		9E5B80BB2DB259A100497AF2 /* Project object */ = {
			isa = PBXProject;
			attributes = {
				BuildIndependentTargetsInParallel = 1;
				LastSwiftUpdateCheck = 1620;
				LastUpgradeCheck = 1620;
				TargetAttributes = {
					9E5B80C22DB259A100497AF2 = {
						CreatedOnToolsVersion = 16.2;
					};
					9E5B80D32DB259A200497AF2 = {
						CreatedOnToolsVersion = 16.2;
						TestTargetID = 9E5B80C22DB259A100497AF2;
					};
					9E5B80DD2DB259A200497AF2 = {
						CreatedOnToolsVersion = 16.2;
						TestTargetID = 9E5B80C22DB259A100497AF2;
					};
				};
			};
			buildConfigurationList = 9E5B80BE2DB259A100497AF2 /* Build configuration list for PBXProject "ChineseColorsApp" */;
			developmentRegion = en;
			hasScannedForEncodings = 0;
			knownRegions = (
				en,
				Base,
			);
			mainGroup = 9E5B80BA2DB259A100497AF2;
			minimizedProjectReferenceProxies = 1;
			packageReferences = (
				9EC2CD552DB645BE00A2DD9A /* XCRemoteSwiftPackageReference "FVendors" */,
				9EC2CD722DB6617E00A2DD9A /* XCRemoteSwiftPackageReference "ColorfulX" */,
				9E18B6E72DE85E9E0068F5C0 /* XCRemoteSwiftPackageReference "swift-collections" */,
			);
			preferredProjectObjectVersion = 77;
			productRefGroup = 9E5B80C42DB259A100497AF2 /* Products */;
			projectDirPath = "";
			projectRoot = "";
			targets = (
				9E5B80C22DB259A100497AF2 /* ChineseColorsApp */,
				9E5B80D32DB259A200497AF2 /* ChineseColorsAppTests */,
				9E5B80DD2DB259A200497AF2 /* ChineseColorsAppUITests */,
			);
		};
/* End PBXProject section */

/* Begin PBXResourcesBuildPhase section */
		9E5B80C12DB259A100497AF2 /* Resources */ = {
			isa = PBXResourcesBuildPhase;
			buildActionMask = 2147483647;
			files = (
			);
			runOnlyForDeploymentPostprocessing = 0;
		};
		9E5B80D22DB259A200497AF2 /* Resources */ = {
			isa = PBXResourcesBuildPhase;
			buildActionMask = 2147483647;
			files = (
			);
			runOnlyForDeploymentPostprocessing = 0;
		};
		9E5B80DC2DB259A200497AF2 /* Resources */ = {
			isa = PBXResourcesBuildPhase;
			buildActionMask = 2147483647;
			files = (
			);
			runOnlyForDeploymentPostprocessing = 0;
		};
/* End PBXResourcesBuildPhase section */

/* Begin PBXSourcesBuildPhase section */
		9E5B80BF2DB259A100497AF2 /* Sources */ = {
			isa = PBXSourcesBuildPhase;
			buildActionMask = 2147483647;
			files = (
			);
			runOnlyForDeploymentPostprocessing = 0;
		};
		9E5B80D02DB259A200497AF2 /* Sources */ = {
			isa = PBXSourcesBuildPhase;
			buildActionMask = 2147483647;
			files = (
			);
			runOnlyForDeploymentPostprocessing = 0;
		};
		9E5B80DA2DB259A200497AF2 /* Sources */ = {
			isa = PBXSourcesBuildPhase;
			buildActionMask = 2147483647;
			files = (
			);
			runOnlyForDeploymentPostprocessing = 0;
		};
/* End PBXSourcesBuildPhase section */

/* Begin PBXTargetDependency section */
		9E5B80D62DB259A200497AF2 /* PBXTargetDependency */ = {
			isa = PBXTargetDependency;
			target = 9E5B80C22DB259A100497AF2 /* ChineseColorsApp */;
			targetProxy = 9E5B80D52DB259A200497AF2 /* PBXContainerItemProxy */;
		};
		9E5B80E02DB259A200497AF2 /* PBXTargetDependency */ = {
			isa = PBXTargetDependency;
			target = 9E5B80C22DB259A100497AF2 /* ChineseColorsApp */;
			targetProxy = 9E5B80DF2DB259A200497AF2 /* PBXContainerItemProxy */;
		};
/* End PBXTargetDependency section */

/* Begin XCBuildConfiguration section */
		9E5B80E62DB259A200497AF2 /* Debug */ = {
			isa = XCBuildConfiguration;
			buildSettings = {
				ALWAYS_SEARCH_USER_PATHS = NO;
				ASSETCATALOG_COMPILER_GENERATE_SWIFT_ASSET_SYMBOL_EXTENSIONS = YES;
				CLANG_ANALYZER_NONNULL = YES;
				CLANG_ANALYZER_NUMBER_OBJECT_CONVERSION = YES_AGGRESSIVE;
				CLANG_CXX_LANGUAGE_STANDARD = "gnu++20";
				CLANG_ENABLE_MODULES = YES;
				CLANG_ENABLE_OBJC_ARC = YES;
				CLANG_ENABLE_OBJC_WEAK = YES;
				CLANG_WARN_BLOCK_CAPTURE_AUTORELEASING = YES;
				CLANG_WARN_BOOL_CONVERSION = YES;
				CLANG_WARN_COMMA = YES;
				CLANG_WARN_CONSTANT_CONVERSION = YES;
				CLANG_WARN_DEPRECATED_OBJC_IMPLEMENTATIONS = YES;
				CLANG_WARN_DIRECT_OBJC_ISA_USAGE = YES_ERROR;
				CLANG_WARN_DOCUMENTATION_COMMENTS = YES;
				CLANG_WARN_EMPTY_BODY = YES;
				CLANG_WARN_ENUM_CONVERSION = YES;
				CLANG_WARN_INFINITE_RECURSION = YES;
				CLANG_WARN_INT_CONVERSION = YES;
				CLANG_WARN_NON_LITERAL_NULL_CONVERSION = YES;
				CLANG_WARN_OBJC_IMPLICIT_RETAIN_SELF = YES;
				CLANG_WARN_OBJC_LITERAL_CONVERSION = YES;
				CLANG_WARN_OBJC_ROOT_CLASS = YES_ERROR;
				CLANG_WARN_QUOTED_INCLUDE_IN_FRAMEWORK_HEADER = YES;
				CLANG_WARN_RANGE_LOOP_ANALYSIS = YES;
				CLANG_WARN_STRICT_PROTOTYPES = YES;
				CLANG_WARN_SUSPICIOUS_MOVE = YES;
				CLANG_WARN_UNGUARDED_AVAILABILITY = YES_AGGRESSIVE;
				CLANG_WARN_UNREACHABLE_CODE = YES;
				CLANG_WARN__DUPLICATE_METHOD_MATCH = YES;
				COPY_PHASE_STRIP = NO;
				DEBUG_INFORMATION_FORMAT = dwarf;
				ENABLE_BITCODE = NO;
				ENABLE_STRICT_OBJC_MSGSEND = YES;
				ENABLE_TESTABILITY = YES;
				ENABLE_USER_SCRIPT_SANDBOXING = YES;
				GCC_C_LANGUAGE_STANDARD = gnu17;
				GCC_DYNAMIC_NO_PIC = NO;
				GCC_NO_COMMON_BLOCKS = YES;
				GCC_OPTIMIZATION_LEVEL = 0;
				GCC_PREPROCESSOR_DEFINITIONS = (
					"DEBUG=1",
					"$(inherited)",
				);
				GCC_WARN_64_TO_32_BIT_CONVERSION = YES;
				GCC_WARN_ABOUT_RETURN_TYPE = YES_ERROR;
				GCC_WARN_UNDECLARED_SELECTOR = YES;
				GCC_WARN_UNINITIALIZED_AUTOS = YES_AGGRESSIVE;
				GCC_WARN_UNUSED_FUNCTION = YES;
				GCC_WARN_UNUSED_VARIABLE = YES;
				LOCALIZATION_PREFERS_STRING_CATALOGS = YES;
				MTL_ENABLE_DEBUG_INFO = INCLUDE_SOURCE;
				MTL_FAST_MATH = YES;
				ONLY_ACTIVE_ARCH = YES;
				OTHER_LDFLAGS = (
					"-Xlinker",
					"-interposable",
				);
				SWIFT_ACTIVE_COMPILATION_CONDITIONS = "DEBUG $(inherited)";
				SWIFT_OPTIMIZATION_LEVEL = "-Onone";
			};
			name = Debug;
		};
		9E5B80E72DB259A200497AF2 /* Release */ = {
			isa = XCBuildConfiguration;
			buildSettings = {
				ALWAYS_SEARCH_USER_PATHS = NO;
				ASSETCATALOG_COMPILER_GENERATE_SWIFT_ASSET_SYMBOL_EXTENSIONS = YES;
				CLANG_ANALYZER_NONNULL = YES;
				CLANG_ANALYZER_NUMBER_OBJECT_CONVERSION = YES_AGGRESSIVE;
				CLANG_CXX_LANGUAGE_STANDARD = "gnu++20";
				CLANG_ENABLE_MODULES = YES;
				CLANG_ENABLE_OBJC_ARC = YES;
				CLANG_ENABLE_OBJC_WEAK = YES;
				CLANG_WARN_BLOCK_CAPTURE_AUTORELEASING = YES;
				CLANG_WARN_BOOL_CONVERSION = YES;
				CLANG_WARN_COMMA = YES;
				CLANG_WARN_CONSTANT_CONVERSION = YES;
				CLANG_WARN_DEPRECATED_OBJC_IMPLEMENTATIONS = YES;
				CLANG_WARN_DIRECT_OBJC_ISA_USAGE = YES_ERROR;
				CLANG_WARN_DOCUMENTATION_COMMENTS = YES;
				CLANG_WARN_EMPTY_BODY = YES;
				CLANG_WARN_ENUM_CONVERSION = YES;
				CLANG_WARN_INFINITE_RECURSION = YES;
				CLANG_WARN_INT_CONVERSION = YES;
				CLANG_WARN_NON_LITERAL_NULL_CONVERSION = YES;
				CLANG_WARN_OBJC_IMPLICIT_RETAIN_SELF = YES;
				CLANG_WARN_OBJC_LITERAL_CONVERSION = YES;
				CLANG_WARN_OBJC_ROOT_CLASS = YES_ERROR;
				CLANG_WARN_QUOTED_INCLUDE_IN_FRAMEWORK_HEADER = YES;
				CLANG_WARN_RANGE_LOOP_ANALYSIS = YES;
				CLANG_WARN_STRICT_PROTOTYPES = YES;
				CLANG_WARN_SUSPICIOUS_MOVE = YES;
				CLANG_WARN_UNGUARDED_AVAILABILITY = YES_AGGRESSIVE;
				CLANG_WARN_UNREACHABLE_CODE = YES;
				CLANG_WARN__DUPLICATE_METHOD_MATCH = YES;
				COPY_PHASE_STRIP = NO;
				DEBUG_INFORMATION_FORMAT = "dwarf-with-dsym";
				ENABLE_NS_ASSERTIONS = NO;
				ENABLE_STRICT_OBJC_MSGSEND = YES;
				ENABLE_USER_SCRIPT_SANDBOXING = YES;
				GCC_C_LANGUAGE_STANDARD = gnu17;
				GCC_NO_COMMON_BLOCKS = YES;
				GCC_WARN_64_TO_32_BIT_CONVERSION = YES;
				GCC_WARN_ABOUT_RETURN_TYPE = YES_ERROR;
				GCC_WARN_UNDECLARED_SELECTOR = YES;
				GCC_WARN_UNINITIALIZED_AUTOS = YES_AGGRESSIVE;
				GCC_WARN_UNUSED_FUNCTION = YES;
				GCC_WARN_UNUSED_VARIABLE = YES;
				LOCALIZATION_PREFERS_STRING_CATALOGS = YES;
				MTL_ENABLE_DEBUG_INFO = NO;
				MTL_FAST_MATH = YES;
				SWIFT_COMPILATION_MODE = wholemodule;
			};
			name = Release;
		};
		9E5B80E92DB259A200497AF2 /* Debug */ = {
			isa = XCBuildConfiguration;
			buildSettings = {
				ASSETCATALOG_COMPILER_APPICON_NAME = AppIcon;
				ASSETCATALOG_COMPILER_GLOBAL_ACCENT_COLOR_NAME = AccentColor;
				CODE_SIGN_ENTITLEMENTS = ChineseColorsApp/ChineseColorsApp.entitlements;
				CODE_SIGN_STYLE = Automatic;
				CURRENT_PROJECT_VERSION = 1;
				DEVELOPMENT_ASSET_PATHS = "\"ChineseColorsApp/Preview Content\"";
				DEVELOPMENT_TEAM = D7YALX24NV;
				ENABLE_BITCODE = NO;
				ENABLE_HARDENED_RUNTIME = YES;
				ENABLE_PREVIEWS = YES;
				GENERATE_INFOPLIST_FILE = YES;
				INFOPLIST_KEY_LSApplicationCategoryType = "public.app-category.productivity";
				"INFOPLIST_KEY_UIApplicationSceneManifest_Generation[sdk=iphoneos*]" = YES;
				"INFOPLIST_KEY_UIApplicationSceneManifest_Generation[sdk=iphonesimulator*]" = YES;
				"INFOPLIST_KEY_UIApplicationSupportsIndirectInputEvents[sdk=iphoneos*]" = YES;
				"INFOPLIST_KEY_UIApplicationSupportsIndirectInputEvents[sdk=iphonesimulator*]" = YES;
				"INFOPLIST_KEY_UILaunchScreen_Generation[sdk=iphoneos*]" = YES;
				"INFOPLIST_KEY_UILaunchScreen_Generation[sdk=iphonesimulator*]" = YES;
				"INFOPLIST_KEY_UIStatusBarStyle[sdk=iphoneos*]" = UIStatusBarStyleDefault;
				"INFOPLIST_KEY_UIStatusBarStyle[sdk=iphonesimulator*]" = UIStatusBarStyleDefault;
				INFOPLIST_KEY_UISupportedInterfaceOrientations_iPad = "UIInterfaceOrientationPortrait UIInterfaceOrientationPortraitUpsideDown UIInterfaceOrientationLandscapeLeft UIInterfaceOrientationLandscapeRight";
				INFOPLIST_KEY_UISupportedInterfaceOrientations_iPhone = "UIInterfaceOrientationPortrait UIInterfaceOrientationLandscapeLeft UIInterfaceOrientationLandscapeRight";
				IPHONEOS_DEPLOYMENT_TARGET = 18.0;
				LD_RUNPATH_SEARCH_PATHS = "@executable_path/Frameworks";
				"LD_RUNPATH_SEARCH_PATHS[sdk=macosx*]" = "@executable_path/../Frameworks";
				MACOSX_DEPLOYMENT_TARGET = 15.0;
				MARKETING_VERSION = 1.0;
				OTHER_LDFLAGS = (
					"-Xlinker",
					"-interposable",
				);
				PRODUCT_BUNDLE_IDENTIFIER = wonderjeffy.ChineseColorsApp;
				PRODUCT_NAME = "$(TARGET_NAME)";
				SDKROOT = auto;
				SUPPORTED_PLATFORMS = "iphoneos iphonesimulator macosx xros xrsimulator";
				SWIFT_EMIT_LOC_STRINGS = YES;
				SWIFT_VERSION = 5.0;
				TARGETED_DEVICE_FAMILY = "1,2,7";
				XROS_DEPLOYMENT_TARGET = 2.0;
			};
			name = Debug;
		};
		9E5B80EA2DB259A200497AF2 /* Release */ = {
			isa = XCBuildConfiguration;
			buildSettings = {
				ASSETCATALOG_COMPILER_APPICON_NAME = AppIcon;
				ASSETCATALOG_COMPILER_GLOBAL_ACCENT_COLOR_NAME = AccentColor;
				CODE_SIGN_ENTITLEMENTS = ChineseColorsApp/ChineseColorsApp.entitlements;
				CODE_SIGN_STYLE = Automatic;
				CURRENT_PROJECT_VERSION = 1;
				DEVELOPMENT_ASSET_PATHS = "\"ChineseColorsApp/Preview Content\"";
				DEVELOPMENT_TEAM = D7YALX24NV;
				ENABLE_HARDENED_RUNTIME = YES;
				ENABLE_PREVIEWS = YES;
				GENERATE_INFOPLIST_FILE = YES;
				INFOPLIST_KEY_LSApplicationCategoryType = "public.app-category.productivity";
				"INFOPLIST_KEY_UIApplicationSceneManifest_Generation[sdk=iphoneos*]" = YES;
				"INFOPLIST_KEY_UIApplicationSceneManifest_Generation[sdk=iphonesimulator*]" = YES;
				"INFOPLIST_KEY_UIApplicationSupportsIndirectInputEvents[sdk=iphoneos*]" = YES;
				"INFOPLIST_KEY_UIApplicationSupportsIndirectInputEvents[sdk=iphonesimulator*]" = YES;
				"INFOPLIST_KEY_UILaunchScreen_Generation[sdk=iphoneos*]" = YES;
				"INFOPLIST_KEY_UILaunchScreen_Generation[sdk=iphonesimulator*]" = YES;
				"INFOPLIST_KEY_UIStatusBarStyle[sdk=iphoneos*]" = UIStatusBarStyleDefault;
				"INFOPLIST_KEY_UIStatusBarStyle[sdk=iphonesimulator*]" = UIStatusBarStyleDefault;
				INFOPLIST_KEY_UISupportedInterfaceOrientations_iPad = "UIInterfaceOrientationPortrait UIInterfaceOrientationPortraitUpsideDown UIInterfaceOrientationLandscapeLeft UIInterfaceOrientationLandscapeRight";
				INFOPLIST_KEY_UISupportedInterfaceOrientations_iPhone = "UIInterfaceOrientationPortrait UIInterfaceOrientationLandscapeLeft UIInterfaceOrientationLandscapeRight";
				IPHONEOS_DEPLOYMENT_TARGET = 18.0;
				LD_RUNPATH_SEARCH_PATHS = "@executable_path/Frameworks";
				"LD_RUNPATH_SEARCH_PATHS[sdk=macosx*]" = "@executable_path/../Frameworks";
				MACOSX_DEPLOYMENT_TARGET = 15.0;
				MARKETING_VERSION = 1.0;
				PRODUCT_BUNDLE_IDENTIFIER = wonderjeffy.ChineseColorsApp;
				PRODUCT_NAME = "$(TARGET_NAME)";
				SDKROOT = auto;
				SUPPORTED_PLATFORMS = "iphoneos iphonesimulator macosx xros xrsimulator";
				SWIFT_EMIT_LOC_STRINGS = YES;
				SWIFT_VERSION = 5.0;
				TARGETED_DEVICE_FAMILY = "1,2,7";
				XROS_DEPLOYMENT_TARGET = 2.0;
			};
			name = Release;
		};
		9E5B80EC2DB259A200497AF2 /* Debug */ = {
			isa = XCBuildConfiguration;
			buildSettings = {
				BUNDLE_LOADER = "$(TEST_HOST)";
				CODE_SIGN_STYLE = Automatic;
				CURRENT_PROJECT_VERSION = 1;
				DEVELOPMENT_TEAM = D7YALX24NV;
				ENABLE_BITCODE = NO;
				GENERATE_INFOPLIST_FILE = YES;
				IPHONEOS_DEPLOYMENT_TARGET = 18.2;
				MACOSX_DEPLOYMENT_TARGET = 15.2;
				MARKETING_VERSION = 1.0;
				OTHER_LDFLAGS = (
					"-Xlinker",
					"-interposable",
				);
				PRODUCT_BUNDLE_IDENTIFIER = wonderjeffy.ChineseColorsAppTests;
				PRODUCT_NAME = "$(TARGET_NAME)";
				SDKROOT = auto;
				SUPPORTED_PLATFORMS = "iphoneos iphonesimulator macosx xros xrsimulator";
				SWIFT_EMIT_LOC_STRINGS = NO;
				SWIFT_VERSION = 5.0;
				TARGETED_DEVICE_FAMILY = "1,2,7";
				TEST_HOST = "$(BUILT_PRODUCTS_DIR)/ChineseColorsApp.app/$(BUNDLE_EXECUTABLE_FOLDER_PATH)/ChineseColorsApp";
				XROS_DEPLOYMENT_TARGET = 2.2;
			};
			name = Debug;
		};
		9E5B80ED2DB259A200497AF2 /* Release */ = {
			isa = XCBuildConfiguration;
			buildSettings = {
				BUNDLE_LOADER = "$(TEST_HOST)";
				CODE_SIGN_STYLE = Automatic;
				CURRENT_PROJECT_VERSION = 1;
				DEVELOPMENT_TEAM = D7YALX24NV;
				GENERATE_INFOPLIST_FILE = YES;
				IPHONEOS_DEPLOYMENT_TARGET = 18.2;
				MACOSX_DEPLOYMENT_TARGET = 15.2;
				MARKETING_VERSION = 1.0;
				PRODUCT_BUNDLE_IDENTIFIER = wonderjeffy.ChineseColorsAppTests;
				PRODUCT_NAME = "$(TARGET_NAME)";
				SDKROOT = auto;
				SUPPORTED_PLATFORMS = "iphoneos iphonesimulator macosx xros xrsimulator";
				SWIFT_EMIT_LOC_STRINGS = NO;
				SWIFT_VERSION = 5.0;
				TARGETED_DEVICE_FAMILY = "1,2,7";
				TEST_HOST = "$(BUILT_PRODUCTS_DIR)/ChineseColorsApp.app/$(BUNDLE_EXECUTABLE_FOLDER_PATH)/ChineseColorsApp";
				XROS_DEPLOYMENT_TARGET = 2.2;
			};
			name = Release;
		};
		9E5B80EF2DB259A200497AF2 /* Debug */ = {
			isa = XCBuildConfiguration;
			buildSettings = {
				CODE_SIGN_STYLE = Automatic;
				CURRENT_PROJECT_VERSION = 1;
				DEVELOPMENT_TEAM = D7YALX24NV;
				ENABLE_BITCODE = NO;
				GENERATE_INFOPLIST_FILE = YES;
				IPHONEOS_DEPLOYMENT_TARGET = 18.2;
				MACOSX_DEPLOYMENT_TARGET = 15.2;
				MARKETING_VERSION = 1.0;
				OTHER_LDFLAGS = (
					"-Xlinker",
					"-interposable",
				);
				PRODUCT_BUNDLE_IDENTIFIER = wonderjeffy.ChineseColorsAppUITests;
				PRODUCT_NAME = "$(TARGET_NAME)";
				SDKROOT = auto;
				SUPPORTED_PLATFORMS = "iphoneos iphonesimulator macosx xros xrsimulator";
				SWIFT_EMIT_LOC_STRINGS = NO;
				SWIFT_VERSION = 5.0;
				TARGETED_DEVICE_FAMILY = "1,2,7";
				TEST_TARGET_NAME = ChineseColorsApp;
				XROS_DEPLOYMENT_TARGET = 2.2;
			};
			name = Debug;
		};
		9E5B80F02DB259A200497AF2 /* Release */ = {
			isa = XCBuildConfiguration;
			buildSettings = {
				CODE_SIGN_STYLE = Automatic;
				CURRENT_PROJECT_VERSION = 1;
				DEVELOPMENT_TEAM = D7YALX24NV;
				GENERATE_INFOPLIST_FILE = YES;
				IPHONEOS_DEPLOYMENT_TARGET = 18.2;
				MACOSX_DEPLOYMENT_TARGET = 15.2;
				MARKETING_VERSION = 1.0;
				PRODUCT_BUNDLE_IDENTIFIER = wonderjeffy.ChineseColorsAppUITests;
				PRODUCT_NAME = "$(TARGET_NAME)";
				SDKROOT = auto;
				SUPPORTED_PLATFORMS = "iphoneos iphonesimulator macosx xros xrsimulator";
				SWIFT_EMIT_LOC_STRINGS = NO;
				SWIFT_VERSION = 5.0;
				TARGETED_DEVICE_FAMILY = "1,2,7";
				TEST_TARGET_NAME = ChineseColorsApp;
				XROS_DEPLOYMENT_TARGET = 2.2;
			};
			name = Release;
		};
/* End XCBuildConfiguration section */

/* Begin XCConfigurationList section */
		9E5B80BE2DB259A100497AF2 /* Build configuration list for PBXProject "ChineseColorsApp" */ = {
			isa = XCConfigurationList;
			buildConfigurations = (
				9E5B80E62DB259A200497AF2 /* Debug */,
				9E5B80E72DB259A200497AF2 /* Release */,
			);
			defaultConfigurationIsVisible = 0;
			defaultConfigurationName = Release;
		};
		9E5B80E82DB259A200497AF2 /* Build configuration list for PBXNativeTarget "ChineseColorsApp" */ = {
			isa = XCConfigurationList;
			buildConfigurations = (
				9E5B80E92DB259A200497AF2 /* Debug */,
				9E5B80EA2DB259A200497AF2 /* Release */,
			);
			defaultConfigurationIsVisible = 0;
			defaultConfigurationName = Release;
		};
		9E5B80EB2DB259A200497AF2 /* Build configuration list for PBXNativeTarget "ChineseColorsAppTests" */ = {
			isa = XCConfigurationList;
			buildConfigurations = (
				9E5B80EC2DB259A200497AF2 /* Debug */,
				9E5B80ED2DB259A200497AF2 /* Release */,
			);
			defaultConfigurationIsVisible = 0;
			defaultConfigurationName = Release;
		};
		9E5B80EE2DB259A200497AF2 /* Build configuration list for PBXNativeTarget "ChineseColorsAppUITests" */ = {
			isa = XCConfigurationList;
			buildConfigurations = (
				9E5B80EF2DB259A200497AF2 /* Debug */,
				9E5B80F02DB259A200497AF2 /* Release */,
			);
			defaultConfigurationIsVisible = 0;
			defaultConfigurationName = Release;
		};
/* End XCConfigurationList section */

/* Begin XCRemoteSwiftPackageReference section */
		9E18B6E72DE85E9E0068F5C0 /* XCRemoteSwiftPackageReference "swift-collections" */ = {
			isa = XCRemoteSwiftPackageReference;
			repositoryURL = "https://github.com/apple/swift-collections.git";
			requirement = {
				kind = upToNextMajorVersion;
				minimumVersion = 1.2.0;
			};
		};
		9EC2CD552DB645BE00A2DD9A /* XCRemoteSwiftPackageReference "FVendors" */ = {
			isa = XCRemoteSwiftPackageReference;
			repositoryURL = "https://github.com/WonderJeffy/FVendors";
			requirement = {
				branch = develop;
				kind = branch;
			};
		};
		9EC2CD722DB6617E00A2DD9A /* XCRemoteSwiftPackageReference "ColorfulX" */ = {
			isa = XCRemoteSwiftPackageReference;
			repositoryURL = "https://github.com/Lakr233/ColorfulX";
			requirement = {
				kind = upToNextMajorVersion;
				minimumVersion = 5.6.4;
			};
		};
/* End XCRemoteSwiftPackageReference section */

/* Begin XCSwiftPackageProductDependency section */
		9E18B6E82DE85E9E0068F5C0 /* Collections */ = {
			isa = XCSwiftPackageProductDependency;
			package = 9E18B6E72DE85E9E0068F5C0 /* XCRemoteSwiftPackageReference "swift-collections" */;
			productName = Collections;
		};
		9E18B6EA2DE85E9E0068F5C0 /* OrderedCollections */ = {
			isa = XCSwiftPackageProductDependency;
			package = 9E18B6E72DE85E9E0068F5C0 /* XCRemoteSwiftPackageReference "swift-collections" */;
			productName = OrderedCollections;
		};
		9EC2CD562DB645BE00A2DD9A /* FVendors */ = {
			isa = XCSwiftPackageProductDependency;
			package = 9EC2CD552DB645BE00A2DD9A /* XCRemoteSwiftPackageReference "FVendors" */;
			productName = FVendors;
		};
		9EC2CD732DB6617E00A2DD9A /* ColorfulX */ = {
			isa = XCSwiftPackageProductDependency;
			package = 9EC2CD722DB6617E00A2DD9A /* XCRemoteSwiftPackageReference "ColorfulX" */;
			productName = ColorfulX;
		};
/* End XCSwiftPackageProductDependency section */
	};
	rootObject = 9E5B80BB2DB259A100497AF2 /* Project object */;
}
